
Microsoft Visual Studio Solution File, Format Version 12.00
# Visual Studio Version 17
VisualStudioVersion = 17.5.33414.496
MinimumVisualStudioVersion = 10.0.40219.1
Project("{FAE04EC0-301F-11D3-BF4B-00C04F79EFBC}") = "BigSchool", "BigSchool.csproj", "{1AD2649D-E418-4644-BB6C-4F6BC65A9BF1}"
EndProject
Global
	GlobalSection(SolutionConfigurationPlatforms) = preSolution
		Debug|Any CPU = Debug|Any CPU
		Release|Any CPU = Release|Any CPU
	EndGlobalSection
	GlobalSection(ProjectConfigurationPlatforms) = postSolution
		{1AD2649D-E418-4644-BB6C-4F6BC65A9BF1}.Debug|Any CPU.ActiveCfg = Debug|Any CPU
		{1AD2649D-E418-4644-BB6C-4F6BC65A9BF1}.Debug|Any CPU.Build.0 = Debug|Any CPU
		{1AD2649D-E418-4644-BB6C-4F6BC65A9BF1}.Release|Any CPU.ActiveCfg = Release|Any CPU
		{1AD2649D-E418-4644-BB6C-4F6BC65A9BF1}.Release|Any CPU.Build.0 = Release|Any CPU
	EndGlobalSection
	GlobalSection(SolutionProperties) = preSolution
		HideSolutionNode = FALSE
	EndGlobalSection
	GlobalSection(ExtensibilityGlobals) = postSolution
		SolutionGuid = {D993B713-D7C1-422D-874D-BA1EC60A7F1B}
	EndGlobalSection
EndGlobal
